
Microsoft Visual Studio Solution File, Format Version 12.00
# Visual Studio Version 17
VisualStudioVersion = 17.10.34916.146
MinimumVisualStudioVersion = 10.0.40219.1
Project("{9A19103F-16F7-4668-BE54-9A1E7A4F7556}") = "AuthAPI", "AuthService\API\AuthAPI\AuthAPI.csproj", "{0C116814-558E-48DE-82DE-C8DA232FA803}"
EndProject
Project("{9A19103F-16F7-4668-BE54-9A1E7A4F7556}") = "Domain", "AuthService\Core\Domain\Domain.csproj", "{719DB5A5-BB6E-4158-8BA9-C722576BA847}"
EndProject
Project("{9A19103F-16F7-4668-BE54-9A1E7A4F7556}") = "Application", "AuthService\Core\Application\Application.csproj", "{26BDB5D2-BADF-450A-B63F-3CF73BD537C9}"
EndProject
Project("{2150E333-8FDC-42A3-9474-1A3956D46DE8}") = "Core", "Core", "{FF122A49-9396-4FB4-963E-C535D611D60B}"
EndProject
Project("{2150E333-8FDC-42A3-9474-1A3956D46DE8}") = "Infrastructure", "Infrastructure", "{9F1EBCC6-5F2B-499C-8177-E5EA8359C909}"
EndProject
Project("{9A19103F-16F7-4668-BE54-9A1E7A4F7556}") = "Infrastructure", "AuthService\Infrastructure\Infrastructure\Infrastructure.csproj", "{37B5391F-45EA-4BEF-96DA-C4269AAC6F40}"
EndProject
Project("{9A19103F-16F7-4668-BE54-9A1E7A4F7556}") = "Persistence", "AuthService\Infrastructure\Persistence\Persistence.csproj", "{335B7CF9-E788-444B-AC54-083CA1CDFB90}"
EndProject
Project("{2150E333-8FDC-42A3-9474-1A3956D46DE8}") = "API", "API", "{F1B8A8AC-6F71-4488-8116-AF56361D690C}"
EndProject
Project("{2150E333-8FDC-42A3-9474-1A3956D46DE8}") = "ServiceAuth", "ServiceAuth", "{2EB7CEF4-91C5-46C3-ADF3-CCC582E1B33A}"
EndProject
Project("{9A19103F-16F7-4668-BE54-9A1E7A4F7556}") = "ProductAPI", "ProductService\Api\ProductAPI\ProductAPI.csproj", "{C83997E8-824F-49A2-AD78-290A784F3B69}"
EndProject
Project("{2150E333-8FDC-42A3-9474-1A3956D46DE8}") = "Api", "Api", "{A9F14213-CA70-4644-B63F-7FD11DAFD802}"
EndProject
Project("{2150E333-8FDC-42A3-9474-1A3956D46DE8}") = "Core", "Core", "{BAD31588-3E8E-48FE-9AD3-CBE1399D9E42}"
EndProject
Project("{2150E333-8FDC-42A3-9474-1A3956D46DE8}") = "Infrastructure", "Infrastructure", "{112ED770-06CA-4C9A-BB25-40F0B1D7C0FB}"
EndProject
Project("{9A19103F-16F7-4668-BE54-9A1E7A4F7556}") = "Application", "ProductService\Core\Application\Application.csproj", "{F3965CBF-0004-46F2-B4CF-BB3732BCF308}"
EndProject
Project("{9A19103F-16F7-4668-BE54-9A1E7A4F7556}") = "Domain", "ProductService\Core\Domain\Domain.csproj", "{2942797E-E6D2-4E90-A327-F0251C9B4206}"
EndProject
Project("{9A19103F-16F7-4668-BE54-9A1E7A4F7556}") = "Infrastructure", "ProductService\Infrastucture\Infrastucture\Infrastructure.csproj", "{B66FF29A-BFAA-4D3F-912B-D6ABA7941F2A}"
EndProject
Project("{9A19103F-16F7-4668-BE54-9A1E7A4F7556}") = "Persistence", "ProductService\Infrastucture\Persistence\Persistence.csproj", "{10667994-374D-4303-BB44-A121861A52E8}"
EndProject
Project("{2150E333-8FDC-42A3-9474-1A3956D46DE8}") = "ServiceProduct", "ServiceProduct", "{8CD76FE8-8455-4644-87D0-27921525BDFC}"
EndProject
Project("{2150E333-8FDC-42A3-9474-1A3956D46DE8}") = "Common", "Common", "{0E526E07-3537-4029-B347-7B33D1A03540}"
EndProject
Project("{9A19103F-16F7-4668-BE54-9A1E7A4F7556}") = "Repository", "Common\Repository\Repository.csproj", "{7B613739-2C55-438D-8982-4C2803D9F61B}"
EndProject
Project("{9A19103F-16F7-4668-BE54-9A1E7A4F7556}") = "Cache", "Common\Cache\Cache.csproj", "{5C8A2245-A50F-405E-8B32-8C163A3D2778}"
EndProject
Project("{9A19103F-16F7-4668-BE54-9A1E7A4F7556}") = "EmailSender", "Common\EmailSender\EmailSender.csproj", "{5AC16D0F-5C31-4375-A9DD-F0CC33F1D4D5}"
EndProject
Project("{2150E333-8FDC-42A3-9474-1A3956D46DE8}") = "Gateway", "Gateway", "{BD710F14-1071-41DD-B8FE-C5130A34CF02}"
EndProject
Project("{9A19103F-16F7-4668-BE54-9A1E7A4F7556}") = "CustomGateway", "Gateway\Gateway\CustomGateway.csproj", "{4657C1CD-3AC6-4385-BE92-7A419862C5E9}"
EndProject
Project("{9A19103F-16F7-4668-BE54-9A1E7A4F7556}") = "CustomResponse", "Common\Response\CustomResponse.csproj", "{41A159D4-55EC-4519-892E-32D33AF5F402}"
EndProject
Project("{9A19103F-16F7-4668-BE54-9A1E7A4F7556}") = "Extensions", "Common\Extensions\Extensions.csproj", "{B818D48D-B0FE-45BF-B787-150447DA3778}"
EndProject
Project("{9A19103F-16F7-4668-BE54-9A1E7A4F7556}") = "Constants", "Common\Constants\Constants.csproj", "{4CF45C77-54EF-4C39-89FF-51A2D2E8CA61}"
EndProject
Project("{9A19103F-16F7-4668-BE54-9A1E7A4F7556}") = "HashProvider", "Common\HashProvider\HashProvider.csproj", "{ADCE94D8-05B2-4A07-A856-5BA2702B9021}"
EndProject
Project("{2150E333-8FDC-42A3-9474-1A3956D46DE8}") = "Tests", "Tests", "{4C861F6A-A525-4258-A8EA-2DB9E31B8DDE}"
EndProject
Project("{2150E333-8FDC-42A3-9474-1A3956D46DE8}") = "Common", "Common", "{374D6305-1BF1-4072-AC70-DA38E4C0A4F9}"
EndProject
Project("{2150E333-8FDC-42A3-9474-1A3956D46DE8}") = "Cache", "Cache", "{B18A2902-A9AC-44C0-998D-0AEE11C1FAFE}"
EndProject
Project("{9A19103F-16F7-4668-BE54-9A1E7A4F7556}") = "Cache.Tests", "Tests\Cache.Tests\Cache.Tests.csproj", "{9AC92780-C0BE-437A-9C1D-B9BE2861D019}"
EndProject
Project("{2150E333-8FDC-42A3-9474-1A3956D46DE8}") = "Repository", "Repository", "{787CD960-D1AF-42D5-BECB-1943683B69E6}"
EndProject
Project("{9A19103F-16F7-4668-BE54-9A1E7A4F7556}") = "Repository.Tests", "Tests\Repository.Tests\Repository.Tests.csproj", "{60835BC5-B683-4FAA-ADBC-022E4033F844}"
EndProject
Project("{9A19103F-16F7-4668-BE54-9A1E7A4F7556}") = "ServiceAuth.Tests", "Tests\ServiceAuth.Tests\ServiceAuth.Tests.csproj", "{80D2A6B9-5456-4508-BC2D-01411D4AD045}"
EndProject
Project("{9A19103F-16F7-4668-BE54-9A1E7A4F7556}") = "ServiceProduct.Tests", "Tests\ServiceProduct.Tests\ServiceProduct.Tests.csproj", "{177F6FED-1969-4F0B-B2F3-FC2BE6954038}"
EndProject
Project("{9A19103F-16F7-4668-BE54-9A1E7A4F7556}") = "Tools", "Tests\Tools\Tools.csproj", "{8F0003EA-3EA3-45B3-98AE-626884E8F4D1}"
EndProject
Project("{2150E333-8FDC-42A3-9474-1A3956D46DE8}") = "Front", "Front", "{064CDA1C-A967-4159-AEAB-527220EB603A}"
EndProject
Project("{9A19103F-16F7-4668-BE54-9A1E7A4F7556}") = "Front", "Front\Front.csproj", "{70E5666B-CCA7-4471-AEA8-F8ADD30EB23D}"
EndProject
Project("{2150E333-8FDC-42A3-9474-1A3956D46DE8}") = "Clients", "Clients", "{195B5109-8064-40CC-8BFF-BD455172F107}"
EndProject
Project("{9A19103F-16F7-4668-BE54-9A1E7A4F7556}") = "AuthClientService", "Common\Clients\AuthClientService\AuthClientService.csproj", "{27A8FA82-F9D9-4CA6-929A-EF632676B07C}"
EndProject
Project("{9A19103F-16F7-4668-BE54-9A1E7A4F7556}") = "CustomGateway", "Common\Clients\CustomGateway\CustomGateway.csproj", "{2F34D03F-D3C8-4DAD-9E54-ACADD8FCC4E1}"
EndProject
Project("{9A19103F-16F7-4668-BE54-9A1E7A4F7556}") = "ProductApi", "Common\Clients\ProductApi\ProductApi.csproj", "{4080AA8D-D556-45E0-AFDB-74295CCF1641}"
EndProject
Project("{FAE04EC0-301F-11D3-BF4B-00C04F79EFBC}") = "HttpDelegatingHandlers", ""Common\HttpDelegatingHandlers\HttpDelegatingHandlers.csproj", "{774A10F2-EA4C-4C79-AD18-ECB8E478F28F}"
EndProject
Global
	GlobalSection(SolutionConfigurationPlatforms) = preSolution
		Debug|Any CPU = Debug|Any CPU
		Release|Any CPU = Release|Any CPU
	EndGlobalSection
	GlobalSection(ProjectConfigurationPlatforms) = postSolution
		{0C116814-558E-48DE-82DE-C8DA232FA803}.Debug|Any CPU.ActiveCfg = Debug|Any CPU
		{0C116814-558E-48DE-82DE-C8DA232FA803}.Debug|Any CPU.Build.0 = Debug|Any CPU
		{0C116814-558E-48DE-82DE-C8DA232FA803}.Release|Any CPU.ActiveCfg = Release|Any CPU
		{0C116814-558E-48DE-82DE-C8DA232FA803}.Release|Any CPU.Build.0 = Release|Any CPU
		{719DB5A5-BB6E-4158-8BA9-C722576BA847}.Debug|Any CPU.ActiveCfg = Debug|Any CPU
		{719DB5A5-BB6E-4158-8BA9-C722576BA847}.Debug|Any CPU.Build.0 = Debug|Any CPU
		{719DB5A5-BB6E-4158-8BA9-C722576BA847}.Release|Any CPU.ActiveCfg = Release|Any CPU
		{719DB5A5-BB6E-4158-8BA9-C722576BA847}.Release|Any CPU.Build.0 = Release|Any CPU
		{26BDB5D2-BADF-450A-B63F-3CF73BD537C9}.Debug|Any CPU.ActiveCfg = Debug|Any CPU
		{26BDB5D2-BADF-450A-B63F-3CF73BD537C9}.Debug|Any CPU.Build.0 = Debug|Any CPU
		{26BDB5D2-BADF-450A-B63F-3CF73BD537C9}.Release|Any CPU.ActiveCfg = Release|Any CPU
		{26BDB5D2-BADF-450A-B63F-3CF73BD537C9}.Release|Any CPU.Build.0 = Release|Any CPU
		{37B5391F-45EA-4BEF-96DA-C4269AAC6F40}.Debug|Any CPU.ActiveCfg = Debug|Any CPU
		{37B5391F-45EA-4BEF-96DA-C4269AAC6F40}.Debug|Any CPU.Build.0 = Debug|Any CPU
		{37B5391F-45EA-4BEF-96DA-C4269AAC6F40}.Release|Any CPU.ActiveCfg = Release|Any CPU
		{37B5391F-45EA-4BEF-96DA-C4269AAC6F40}.Release|Any CPU.Build.0 = Release|Any CPU
		{335B7CF9-E788-444B-AC54-083CA1CDFB90}.Debug|Any CPU.ActiveCfg = Debug|Any CPU
		{335B7CF9-E788-444B-AC54-083CA1CDFB90}.Debug|Any CPU.Build.0 = Debug|Any CPU
		{335B7CF9-E788-444B-AC54-083CA1CDFB90}.Release|Any CPU.ActiveCfg = Release|Any CPU
		{335B7CF9-E788-444B-AC54-083CA1CDFB90}.Release|Any CPU.Build.0 = Release|Any CPU
		{C83997E8-824F-49A2-AD78-290A784F3B69}.Debug|Any CPU.ActiveCfg = Debug|Any CPU
		{C83997E8-824F-49A2-AD78-290A784F3B69}.Debug|Any CPU.Build.0 = Debug|Any CPU
		{C83997E8-824F-49A2-AD78-290A784F3B69}.Release|Any CPU.ActiveCfg = Release|Any CPU
		{C83997E8-824F-49A2-AD78-290A784F3B69}.Release|Any CPU.Build.0 = Release|Any CPU
		{F3965CBF-0004-46F2-B4CF-BB3732BCF308}.Debug|Any CPU.ActiveCfg = Debug|Any CPU
		{F3965CBF-0004-46F2-B4CF-BB3732BCF308}.Debug|Any CPU.Build.0 = Debug|Any CPU
		{F3965CBF-0004-46F2-B4CF-BB3732BCF308}.Release|Any CPU.ActiveCfg = Release|Any CPU
		{F3965CBF-0004-46F2-B4CF-BB3732BCF308}.Release|Any CPU.Build.0 = Release|Any CPU
		{2942797E-E6D2-4E90-A327-F0251C9B4206}.Debug|Any CPU.ActiveCfg = Debug|Any CPU
		{2942797E-E6D2-4E90-A327-F0251C9B4206}.Debug|Any CPU.Build.0 = Debug|Any CPU
		{2942797E-E6D2-4E90-A327-F0251C9B4206}.Release|Any CPU.ActiveCfg = Release|Any CPU
		{2942797E-E6D2-4E90-A327-F0251C9B4206}.Release|Any CPU.Build.0 = Release|Any CPU
		{B66FF29A-BFAA-4D3F-912B-D6ABA7941F2A}.Debug|Any CPU.ActiveCfg = Debug|Any CPU
		{B66FF29A-BFAA-4D3F-912B-D6ABA7941F2A}.Debug|Any CPU.Build.0 = Debug|Any CPU
		{B66FF29A-BFAA-4D3F-912B-D6ABA7941F2A}.Release|Any CPU.ActiveCfg = Release|Any CPU
		{B66FF29A-BFAA-4D3F-912B-D6ABA7941F2A}.Release|Any CPU.Build.0 = Release|Any CPU
		{10667994-374D-4303-BB44-A121861A52E8}.Debug|Any CPU.ActiveCfg = Debug|Any CPU
		{10667994-374D-4303-BB44-A121861A52E8}.Debug|Any CPU.Build.0 = Debug|Any CPU
		{10667994-374D-4303-BB44-A121861A52E8}.Release|Any CPU.ActiveCfg = Release|Any CPU
		{10667994-374D-4303-BB44-A121861A52E8}.Release|Any CPU.Build.0 = Release|Any CPU
		{7B613739-2C55-438D-8982-4C2803D9F61B}.Debug|Any CPU.ActiveCfg = Debug|Any CPU
		{7B613739-2C55-438D-8982-4C2803D9F61B}.Debug|Any CPU.Build.0 = Debug|Any CPU
		{7B613739-2C55-438D-8982-4C2803D9F61B}.Release|Any CPU.ActiveCfg = Release|Any CPU
		{7B613739-2C55-438D-8982-4C2803D9F61B}.Release|Any CPU.Build.0 = Release|Any CPU
		{5C8A2245-A50F-405E-8B32-8C163A3D2778}.Debug|Any CPU.ActiveCfg = Debug|Any CPU
		{5C8A2245-A50F-405E-8B32-8C163A3D2778}.Debug|Any CPU.Build.0 = Debug|Any CPU
		{5C8A2245-A50F-405E-8B32-8C163A3D2778}.Release|Any CPU.ActiveCfg = Release|Any CPU
		{5C8A2245-A50F-405E-8B32-8C163A3D2778}.Release|Any CPU.Build.0 = Release|Any CPU
		{5AC16D0F-5C31-4375-A9DD-F0CC33F1D4D5}.Debug|Any CPU.ActiveCfg = Debug|Any CPU
		{5AC16D0F-5C31-4375-A9DD-F0CC33F1D4D5}.Debug|Any CPU.Build.0 = Debug|Any CPU
		{5AC16D0F-5C31-4375-A9DD-F0CC33F1D4D5}.Release|Any CPU.ActiveCfg = Release|Any CPU
		{5AC16D0F-5C31-4375-A9DD-F0CC33F1D4D5}.Release|Any CPU.Build.0 = Release|Any CPU
		{4657C1CD-3AC6-4385-BE92-7A419862C5E9}.Debug|Any CPU.ActiveCfg = Debug|Any CPU
		{4657C1CD-3AC6-4385-BE92-7A419862C5E9}.Debug|Any CPU.Build.0 = Debug|Any CPU
		{4657C1CD-3AC6-4385-BE92-7A419862C5E9}.Release|Any CPU.ActiveCfg = Release|Any CPU
		{4657C1CD-3AC6-4385-BE92-7A419862C5E9}.Release|Any CPU.Build.0 = Release|Any CPU
		{41A159D4-55EC-4519-892E-32D33AF5F402}.Debug|Any CPU.ActiveCfg = Debug|Any CPU
		{41A159D4-55EC-4519-892E-32D33AF5F402}.Debug|Any CPU.Build.0 = Debug|Any CPU
		{41A159D4-55EC-4519-892E-32D33AF5F402}.Release|Any CPU.ActiveCfg = Release|Any CPU
		{41A159D4-55EC-4519-892E-32D33AF5F402}.Release|Any CPU.Build.0 = Release|Any CPU
		{B818D48D-B0FE-45BF-B787-150447DA3778}.Debug|Any CPU.ActiveCfg = Debug|Any CPU
		{B818D48D-B0FE-45BF-B787-150447DA3778}.Debug|Any CPU.Build.0 = Debug|Any CPU
		{B818D48D-B0FE-45BF-B787-150447DA3778}.Release|Any CPU.ActiveCfg = Release|Any CPU
		{B818D48D-B0FE-45BF-B787-150447DA3778}.Release|Any CPU.Build.0 = Release|Any CPU
		{4CF45C77-54EF-4C39-89FF-51A2D2E8CA61}.Debug|Any CPU.ActiveCfg = Debug|Any CPU
		{4CF45C77-54EF-4C39-89FF-51A2D2E8CA61}.Debug|Any CPU.Build.0 = Debug|Any CPU
		{4CF45C77-54EF-4C39-89FF-51A2D2E8CA61}.Release|Any CPU.ActiveCfg = Release|Any CPU
		{4CF45C77-54EF-4C39-89FF-51A2D2E8CA61}.Release|Any CPU.Build.0 = Release|Any CPU
		{ADCE94D8-05B2-4A07-A856-5BA2702B9021}.Debug|Any CPU.ActiveCfg = Debug|Any CPU
		{ADCE94D8-05B2-4A07-A856-5BA2702B9021}.Debug|Any CPU.Build.0 = Debug|Any CPU
		{ADCE94D8-05B2-4A07-A856-5BA2702B9021}.Release|Any CPU.ActiveCfg = Release|Any CPU
		{ADCE94D8-05B2-4A07-A856-5BA2702B9021}.Release|Any CPU.Build.0 = Release|Any CPU
		{9AC92780-C0BE-437A-9C1D-B9BE2861D019}.Debug|Any CPU.ActiveCfg = Debug|Any CPU
		{9AC92780-C0BE-437A-9C1D-B9BE2861D019}.Debug|Any CPU.Build.0 = Debug|Any CPU
		{9AC92780-C0BE-437A-9C1D-B9BE2861D019}.Release|Any CPU.ActiveCfg = Release|Any CPU
		{9AC92780-C0BE-437A-9C1D-B9BE2861D019}.Release|Any CPU.Build.0 = Release|Any CPU
		{60835BC5-B683-4FAA-ADBC-022E4033F844}.Debug|Any CPU.ActiveCfg = Debug|Any CPU
		{60835BC5-B683-4FAA-ADBC-022E4033F844}.Debug|Any CPU.Build.0 = Debug|Any CPU
		{60835BC5-B683-4FAA-ADBC-022E4033F844}.Release|Any CPU.ActiveCfg = Release|Any CPU
		{60835BC5-B683-4FAA-ADBC-022E4033F844}.Release|Any CPU.Build.0 = Release|Any CPU
		{80D2A6B9-5456-4508-BC2D-01411D4AD045}.Debug|Any CPU.ActiveCfg = Debug|Any CPU
		{80D2A6B9-5456-4508-BC2D-01411D4AD045}.Debug|Any CPU.Build.0 = Debug|Any CPU
		{80D2A6B9-5456-4508-BC2D-01411D4AD045}.Release|Any CPU.ActiveCfg = Release|Any CPU
		{80D2A6B9-5456-4508-BC2D-01411D4AD045}.Release|Any CPU.Build.0 = Release|Any CPU
		{177F6FED-1969-4F0B-B2F3-FC2BE6954038}.Debug|Any CPU.ActiveCfg = Debug|Any CPU
		{177F6FED-1969-4F0B-B2F3-FC2BE6954038}.Debug|Any CPU.Build.0 = Debug|Any CPU
		{177F6FED-1969-4F0B-B2F3-FC2BE6954038}.Release|Any CPU.ActiveCfg = Release|Any CPU
		{177F6FED-1969-4F0B-B2F3-FC2BE6954038}.Release|Any CPU.Build.0 = Release|Any CPU
		{8F0003EA-3EA3-45B3-98AE-626884E8F4D1}.Debug|Any CPU.ActiveCfg = Debug|Any CPU
		{8F0003EA-3EA3-45B3-98AE-626884E8F4D1}.Debug|Any CPU.Build.0 = Debug|Any CPU
		{8F0003EA-3EA3-45B3-98AE-626884E8F4D1}.Release|Any CPU.ActiveCfg = Release|Any CPU
		{8F0003EA-3EA3-45B3-98AE-626884E8F4D1}.Release|Any CPU.Build.0 = Release|Any CPU
		{70E5666B-CCA7-4471-AEA8-F8ADD30EB23D}.Debug|Any CPU.ActiveCfg = Debug|Any CPU
		{70E5666B-CCA7-4471-AEA8-F8ADD30EB23D}.Debug|Any CPU.Build.0 = Debug|Any CPU
		{70E5666B-CCA7-4471-AEA8-F8ADD30EB23D}.Release|Any CPU.ActiveCfg = Release|Any CPU
		{70E5666B-CCA7-4471-AEA8-F8ADD30EB23D}.Release|Any CPU.Build.0 = Release|Any CPU
		{27A8FA82-F9D9-4CA6-929A-EF632676B07C}.Debug|Any CPU.ActiveCfg = Debug|Any CPU
		{27A8FA82-F9D9-4CA6-929A-EF632676B07C}.Debug|Any CPU.Build.0 = Debug|Any CPU
		{27A8FA82-F9D9-4CA6-929A-EF632676B07C}.Release|Any CPU.ActiveCfg = Release|Any CPU
		{27A8FA82-F9D9-4CA6-929A-EF632676B07C}.Release|Any CPU.Build.0 = Release|Any CPU
		{2F34D03F-D3C8-4DAD-9E54-ACADD8FCC4E1}.Debug|Any CPU.ActiveCfg = Debug|Any CPU
		{2F34D03F-D3C8-4DAD-9E54-ACADD8FCC4E1}.Debug|Any CPU.Build.0 = Debug|Any CPU
		{2F34D03F-D3C8-4DAD-9E54-ACADD8FCC4E1}.Release|Any CPU.ActiveCfg = Release|Any CPU
		{2F34D03F-D3C8-4DAD-9E54-ACADD8FCC4E1}.Release|Any CPU.Build.0 = Release|Any CPU
		{4080AA8D-D556-45E0-AFDB-74295CCF1641}.Debug|Any CPU.ActiveCfg = Debug|Any CPU
		{4080AA8D-D556-45E0-AFDB-74295CCF1641}.Debug|Any CPU.Build.0 = Debug|Any CPU
		{4080AA8D-D556-45E0-AFDB-74295CCF1641}.Release|Any CPU.ActiveCfg = Release|Any CPU
		{4080AA8D-D556-45E0-AFDB-74295CCF1641}.Release|Any CPU.Build.0 = Release|Any CPU
		{774A10F2-EA4C-4C79-AD18-ECB8E478F28F}.Debug|Any CPU.ActiveCfg = Debug|Any CPU
		{774A10F2-EA4C-4C79-AD18-ECB8E478F28F}.Debug|Any CPU.Build.0 = Debug|Any CPU
		{774A10F2-EA4C-4C79-AD18-ECB8E478F28F}.Release|Any CPU.ActiveCfg = Release|Any CPU
		{774A10F2-EA4C-4C79-AD18-ECB8E478F28F}.Release|Any CPU.Build.0 = Release|Any CPU
	EndGlobalSection
	GlobalSection(SolutionProperties) = preSolution
		HideSolutionNode = FALSE
	EndGlobalSection
	GlobalSection(NestedProjects) = preSolution
		{0C116814-558E-48DE-82DE-C8DA232FA803} = {F1B8A8AC-6F71-4488-8116-AF56361D690C}
		{719DB5A5-BB6E-4158-8BA9-C722576BA847} = {FF122A49-9396-4FB4-963E-C535D611D60B}
		{26BDB5D2-BADF-450A-B63F-3CF73BD537C9} = {FF122A49-9396-4FB4-963E-C535D611D60B}
		{FF122A49-9396-4FB4-963E-C535D611D60B} = {2EB7CEF4-91C5-46C3-ADF3-CCC582E1B33A}
		{9F1EBCC6-5F2B-499C-8177-E5EA8359C909} = {2EB7CEF4-91C5-46C3-ADF3-CCC582E1B33A}
		{37B5391F-45EA-4BEF-96DA-C4269AAC6F40} = {9F1EBCC6-5F2B-499C-8177-E5EA8359C909}
		{335B7CF9-E788-444B-AC54-083CA1CDFB90} = {9F1EBCC6-5F2B-499C-8177-E5EA8359C909}
		{F1B8A8AC-6F71-4488-8116-AF56361D690C} = {2EB7CEF4-91C5-46C3-ADF3-CCC582E1B33A}
		{C83997E8-824F-49A2-AD78-290A784F3B69} = {A9F14213-CA70-4644-B63F-7FD11DAFD802}
		{A9F14213-CA70-4644-B63F-7FD11DAFD802} = {8CD76FE8-8455-4644-87D0-27921525BDFC}
		{BAD31588-3E8E-48FE-9AD3-CBE1399D9E42} = {8CD76FE8-8455-4644-87D0-27921525BDFC}
		{112ED770-06CA-4C9A-BB25-40F0B1D7C0FB} = {8CD76FE8-8455-4644-87D0-27921525BDFC}
		{F3965CBF-0004-46F2-B4CF-BB3732BCF308} = {BAD31588-3E8E-48FE-9AD3-CBE1399D9E42}
		{2942797E-E6D2-4E90-A327-F0251C9B4206} = {BAD31588-3E8E-48FE-9AD3-CBE1399D9E42}
		{B66FF29A-BFAA-4D3F-912B-D6ABA7941F2A} = {112ED770-06CA-4C9A-BB25-40F0B1D7C0FB}
		{10667994-374D-4303-BB44-A121861A52E8} = {112ED770-06CA-4C9A-BB25-40F0B1D7C0FB}
		{7B613739-2C55-438D-8982-4C2803D9F61B} = {0E526E07-3537-4029-B347-7B33D1A03540}
		{5C8A2245-A50F-405E-8B32-8C163A3D2778} = {0E526E07-3537-4029-B347-7B33D1A03540}
		{5AC16D0F-5C31-4375-A9DD-F0CC33F1D4D5} = {0E526E07-3537-4029-B347-7B33D1A03540}
		{4657C1CD-3AC6-4385-BE92-7A419862C5E9} = {BD710F14-1071-41DD-B8FE-C5130A34CF02}
		{41A159D4-55EC-4519-892E-32D33AF5F402} = {0E526E07-3537-4029-B347-7B33D1A03540}
		{B818D48D-B0FE-45BF-B787-150447DA3778} = {0E526E07-3537-4029-B347-7B33D1A03540}
		{4CF45C77-54EF-4C39-89FF-51A2D2E8CA61} = {0E526E07-3537-4029-B347-7B33D1A03540}
		{ADCE94D8-05B2-4A07-A856-5BA2702B9021} = {0E526E07-3537-4029-B347-7B33D1A03540}
		{374D6305-1BF1-4072-AC70-DA38E4C0A4F9} = {4C861F6A-A525-4258-A8EA-2DB9E31B8DDE}
		{B18A2902-A9AC-44C0-998D-0AEE11C1FAFE} = {374D6305-1BF1-4072-AC70-DA38E4C0A4F9}
		{9AC92780-C0BE-437A-9C1D-B9BE2861D019} = {B18A2902-A9AC-44C0-998D-0AEE11C1FAFE}
		{787CD960-D1AF-42D5-BECB-1943683B69E6} = {374D6305-1BF1-4072-AC70-DA38E4C0A4F9}
		{60835BC5-B683-4FAA-ADBC-022E4033F844} = {787CD960-D1AF-42D5-BECB-1943683B69E6}
		{80D2A6B9-5456-4508-BC2D-01411D4AD045} = {4C861F6A-A525-4258-A8EA-2DB9E31B8DDE}
		{177F6FED-1969-4F0B-B2F3-FC2BE6954038} = {4C861F6A-A525-4258-A8EA-2DB9E31B8DDE}
		{8F0003EA-3EA3-45B3-98AE-626884E8F4D1} = {4C861F6A-A525-4258-A8EA-2DB9E31B8DDE}
		{70E5666B-CCA7-4471-AEA8-F8ADD30EB23D} = {064CDA1C-A967-4159-AEAB-527220EB603A}
		{195B5109-8064-40CC-8BFF-BD455172F107} = {0E526E07-3537-4029-B347-7B33D1A03540}
		{27A8FA82-F9D9-4CA6-929A-EF632676B07C} = {195B5109-8064-40CC-8BFF-BD455172F107}
		{2F34D03F-D3C8-4DAD-9E54-ACADD8FCC4E1} = {195B5109-8064-40CC-8BFF-BD455172F107}
		{4080AA8D-D556-45E0-AFDB-74295CCF1641} = {195B5109-8064-40CC-8BFF-BD455172F107}
		{774A10F2-EA4C-4C79-AD18-ECB8E478F28F} = {0E526E07-3537-4029-B347-7B33D1A03540}
	EndGlobalSection
	GlobalSection(ExtensibilityGlobals) = postSolution
		SolutionGuid = {D2DB40AF-E389-4793-9CD8-CCD99624132A}
	EndGlobalSection
EndGlobal
